
Microsoft Visual Studio Solution File, Format Version 12.00
# Visual Studio Version 17
VisualStudioVersion = 17.7.34024.191
MinimumVisualStudioVersion = 10.0.40219.1
Project("{FAE04EC0-301F-11D3-BF4B-00C04F79EFBC}") = "2DShooterGame", "2DShooterGame.csproj", "{7ADD4DFE-568B-45AB-9FB5-660AA254F442}"
EndProject
Global
	GlobalSection(SolutionConfigurationPlatforms) = preSolution
		Debug|Any CPU = Debug|Any CPU
		Release|Any CPU = Release|Any CPU
	EndGlobalSection
	GlobalSection(ProjectConfigurationPlatforms) = postSolution
		{7ADD4DFE-568B-45AB-9FB5-660AA254F442}.Debug|Any CPU.ActiveCfg = Debug|Any CPU
		{7ADD4DFE-568B-45AB-9FB5-660AA254F442}.Debug|Any CPU.Build.0 = Debug|Any CPU
		{7ADD4DFE-568B-45AB-9FB5-660AA254F442}.Release|Any CPU.ActiveCfg = Release|Any CPU
		{7ADD4DFE-568B-45AB-9FB5-660AA254F442}.Release|Any CPU.Build.0 = Release|Any CPU
	EndGlobalSection
	GlobalSection(SolutionProperties) = preSolution
		HideSolutionNode = FALSE
	EndGlobalSection
	GlobalSection(ExtensibilityGlobals) = postSolution
		SolutionGuid = {5241F10F-2144-4B64-87B0-C5FA2A04F100}
	EndGlobalSection
EndGlobal
